
Microsoft Visual Studio Solution File, Format Version 12.00
# Visual Studio 2013
VisualStudioVersion = 12.0.40629.0
MinimumVisualStudioVersion = 10.0.40219.1
Project("{2150E333-8FDC-42A3-9474-1A3956D46DE8}") = "Solution Items", "Solution Items", "{36D64855-5306-45C5-B68E-493ED26BECD2}"
	ProjectSection(SolutionItems) = preProject
		todo.txt = todo.txt
	EndProjectSection
EndProject
Project("{FAE04EC0-301F-11D3-BF4B-00C04F79EFBC}") = "Aga.Diagrams", "Aga.Diagrams\Aga.Diagrams.csproj", "{988E94FB-0936-4B88-ACB9-4F9CE80C8AC3}"
EndProject
Project("{FAE04EC0-301F-11D3-BF4B-00C04F79EFBC}") = "TestApp", "TestApp\TestApp.csproj", "{6ACC988F-EC35-4CAB-B79B-C6918EBE73B2}"
EndProject
Global
	GlobalSection(SolutionConfigurationPlatforms) = preSolution
		Debug|Any CPU = Debug|Any CPU
		Release|Any CPU = Release|Any CPU
	EndGlobalSection
	GlobalSection(ProjectConfigurationPlatforms) = postSolution
		{988E94FB-0936-4B88-ACB9-4F9CE80C8AC3}.Debug|Any CPU.ActiveCfg = Debug|Any CPU
		{988E94FB-0936-4B88-ACB9-4F9CE80C8AC3}.Debug|Any CPU.Build.0 = Debug|Any CPU
		{988E94FB-0936-4B88-ACB9-4F9CE80C8AC3}.Release|Any CPU.ActiveCfg = Release|Any CPU
		{988E94FB-0936-4B88-ACB9-4F9CE80C8AC3}.Release|Any CPU.Build.0 = Release|Any CPU
		{6ACC988F-EC35-4CAB-B79B-C6918EBE73B2}.Debug|Any CPU.ActiveCfg = Debug|Any CPU
		{6ACC988F-EC35-4CAB-B79B-C6918EBE73B2}.Debug|Any CPU.Build.0 = Debug|Any CPU
		{6ACC988F-EC35-4CAB-B79B-C6918EBE73B2}.Release|Any CPU.ActiveCfg = Release|Any CPU
		{6ACC988F-EC35-4CAB-B79B-C6918EBE73B2}.Release|Any CPU.Build.0 = Release|Any CPU
	EndGlobalSection
	GlobalSection(SolutionProperties) = preSolution
		HideSolutionNode = FALSE
	EndGlobalSection
EndGlobal
